
Microsoft Visual Studio Solution File, Format Version 12.00
# Visual Studio Version 16
VisualStudioVersion = 16.0.29926.136
MinimumVisualStudioVersion = 10.0.40219.1
Project("{FAE04EC0-301F-11D3-BF4B-00C04F79EFBC}") = "prueba 12", "prueba 12\prueba 12.csproj", "{8C18C978-86D8-4C99-9B26-4824438228EE}"
EndProject
Global
	GlobalSection(SolutionConfigurationPlatforms) = preSolution
		Debug|Any CPU = Debug|Any CPU
		Release|Any CPU = Release|Any CPU
	EndGlobalSection
	GlobalSection(ProjectConfigurationPlatforms) = postSolution
		{8C18C978-86D8-4C99-9B26-4824438228EE}.Debug|Any CPU.ActiveCfg = Debug|Any CPU
		{8C18C978-86D8-4C99-9B26-4824438228EE}.Debug|Any CPU.Build.0 = Debug|Any CPU
		{8C18C978-86D8-4C99-9B26-4824438228EE}.Release|Any CPU.ActiveCfg = Release|Any CPU
		{8C18C978-86D8-4C99-9B26-4824438228EE}.Release|Any CPU.Build.0 = Release|Any CPU
	EndGlobalSection
	GlobalSection(SolutionProperties) = preSolution
		HideSolutionNode = FALSE
	EndGlobalSection
	GlobalSection(ExtensibilityGlobals) = postSolution
		SolutionGuid = {06B46898-F197-4C36-8EF4-FB35FB03A59C}
	EndGlobalSection
EndGlobal
